// !$*UTF8*$!
{
	archiveVersion = 1;
	classes = {
	};
	objectVersion = 56;
	objects = {

/* Begin PBXBuildFile section */
		810E47022A2E3708002BD38C /* WorkoutView.swift in Sources */ = {isa = PBXBuildFile; fileRef = 810E47012A2E3708002BD38C /* WorkoutView.swift */; };
		819F5E442A2B891600E8454F /* SaveWorkoutsApp.swift in Sources */ = {isa = PBXBuildFile; fileRef = 819F5E432A2B891600E8454F /* SaveWorkoutsApp.swift */; };
		819F5E482A2B891800E8454F /* Assets.xcassets in Resources */ = {isa = PBXBuildFile; fileRef = 819F5E472A2B891800E8454F /* Assets.xcassets */; };
		819F5E4B2A2B891800E8454F /* Preview Assets.xcassets in Resources */ = {isa = PBXBuildFile; fileRef = 819F5E4A2A2B891800E8454F /* Preview Assets.xcassets */; };
		81D7F9802A2FB52500A7BD13 /* db.sqlite in Resources */ = {isa = PBXBuildFile; fileRef = 81D7F97F2A2FB52500A7BD13 /* db.sqlite */; };
		81D7F9832A2FB89A00A7BD13 /* Blackbird in Frameworks */ = {isa = PBXBuildFile; productRef = 81D7F9822A2FB89A00A7BD13 /* Blackbird */; };
		81D7F9862A2FB90800A7BD13 /* AppDatabase.swift in Sources */ = {isa = PBXBuildFile; fileRef = 81D7F9852A2FB90800A7BD13 /* AppDatabase.swift */; };
		81D7F9882A2FB96900A7BD13 /* Workout.swift in Sources */ = {isa = PBXBuildFile; fileRef = 81D7F9872A2FB96900A7BD13 /* Workout.swift */; };
/* End PBXBuildFile section */

/* Begin PBXFileReference section */
		810E47012A2E3708002BD38C /* WorkoutView.swift */ = {isa = PBXFileReference; lastKnownFileType = sourcecode.swift; path = WorkoutView.swift; sourceTree = "<group>"; };
		819F5E402A2B891600E8454F /* SaveWorkouts.app */ = {isa = PBXFileReference; explicitFileType = wrapper.application; includeInIndex = 0; path = SaveWorkouts.app; sourceTree = BUILT_PRODUCTS_DIR; };
		819F5E432A2B891600E8454F /* SaveWorkoutsApp.swift */ = {isa = PBXFileReference; lastKnownFileType = sourcecode.swift; path = SaveWorkoutsApp.swift; sourceTree = "<group>"; };
		819F5E472A2B891800E8454F /* Assets.xcassets */ = {isa = PBXFileReference; lastKnownFileType = folder.assetcatalog; path = Assets.xcassets; sourceTree = "<group>"; };
		819F5E4A2A2B891800E8454F /* Preview Assets.xcassets */ = {isa = PBXFileReference; lastKnownFileType = folder.assetcatalog; path = "Preview Assets.xcassets"; sourceTree = "<group>"; };
		81D7F97F2A2FB52500A7BD13 /* db.sqlite */ = {isa = PBXFileReference; lastKnownFileType = file; name = db.sqlite; path = SaveWorkouts/db.sqlite; sourceTree = SOURCE_ROOT; };
		81D7F9852A2FB90800A7BD13 /* AppDatabase.swift */ = {isa = PBXFileReference; lastKnownFileType = sourcecode.swift; path = AppDatabase.swift; sourceTree = "<group>"; };
		81D7F9872A2FB96900A7BD13 /* Workout.swift */ = {isa = PBXFileReference; lastKnownFileType = sourcecode.swift; path = Workout.swift; sourceTree = "<group>"; };
/* End PBXFileReference section */

/* Begin PBXFrameworksBuildPhase section */
		819F5E3D2A2B891600E8454F /* Frameworks */ = {
			isa = PBXFrameworksBuildPhase;
			buildActionMask = 2147483647;
			files = (
				81D7F9832A2FB89A00A7BD13 /* Blackbird in Frameworks */,
			);
			runOnlyForDeploymentPostprocessing = 0;
		};
/* End PBXFrameworksBuildPhase section */

/* Begin PBXGroup section */
		819F5E372A2B891600E8454F = {
			isa = PBXGroup;
			children = (
				819F5E422A2B891600E8454F /* SaveWorkouts */,
				819F5E412A2B891600E8454F /* Products */,
			);
			sourceTree = "<group>";
		};
		819F5E412A2B891600E8454F /* Products */ = {
			isa = PBXGroup;
			children = (
				819F5E402A2B891600E8454F /* SaveWorkouts.app */,
			);
			name = Products;
			sourceTree = "<group>";
		};
		819F5E422A2B891600E8454F /* SaveWorkouts */ = {
			isa = PBXGroup;
			children = (
				819F5E432A2B891600E8454F /* SaveWorkoutsApp.swift */,
				81D7F97D2A2FB4F600A7BD13 /* Views */,
				81D7F97E2A2FB4FB00A7BD13 /* Model */,
				81D7F9842A2FB8F800A7BD13 /* Helpers */,
				819F5E472A2B891800E8454F /* Assets.xcassets */,
				819F5E492A2B891800E8454F /* Preview Content */,
			);
			path = SaveWorkouts;
			sourceTree = "<group>";
		};
		819F5E492A2B891800E8454F /* Preview Content */ = {
			isa = PBXGroup;
			children = (
				819F5E4A2A2B891800E8454F /* Preview Assets.xcassets */,
			);
			path = "Preview Content";
			sourceTree = "<group>";
		};
		81D7F97D2A2FB4F600A7BD13 /* Views */ = {
			isa = PBXGroup;
			children = (
				810E47012A2E3708002BD38C /* WorkoutView.swift */,
			);
			path = Views;
			sourceTree = "<group>";
		};
		81D7F97E2A2FB4FB00A7BD13 /* Model */ = {
			isa = PBXGroup;
			children = (
				81D7F97F2A2FB52500A7BD13 /* db.sqlite */,
				81D7F9872A2FB96900A7BD13 /* Workout.swift */,
			);
			path = Model;
			sourceTree = "<group>";
		};
		81D7F9842A2FB8F800A7BD13 /* Helpers */ = {
			isa = PBXGroup;
			children = (
				81D7F9852A2FB90800A7BD13 /* AppDatabase.swift */,
			);
			path = Helpers;
			sourceTree = "<group>";
		};
/* End PBXGroup section */

/* Begin PBXNativeTarget section */
		819F5E3F2A2B891600E8454F /* SaveWorkouts */ = {
			isa = PBXNativeTarget;
			buildConfigurationList = 819F5E4E2A2B891800E8454F /* Build configuration list for PBXNativeTarget "SaveWorkouts" */;
			buildPhases = (
				819F5E3C2A2B891600E8454F /* Sources */,
				819F5E3D2A2B891600E8454F /* Frameworks */,
				819F5E3E2A2B891600E8454F /* Resources */,
			);
			buildRules = (
			);
			dependencies = (
			);
			name = SaveWorkouts;
			packageProductDependencies = (
				81D7F9822A2FB89A00A7BD13 /* Blackbird */,
			);
			productName = SaveWorkouts;
			productReference = 819F5E402A2B891600E8454F /* SaveWorkouts.app */;
			productType = "com.apple.product-type.application";
		};
/* End PBXNativeTarget section */

/* Begin PBXProject section */
		819F5E382A2B891600E8454F /* Project object */ = {
			isa = PBXProject;
			attributes = {
				BuildIndependentTargetsInParallel = 1;
				LastSwiftUpdateCheck = 1420;
				LastUpgradeCheck = 1420;
				TargetAttributes = {
					819F5E3F2A2B891600E8454F = {
						CreatedOnToolsVersion = 14.2;
					};
				};
			};
			buildConfigurationList = 819F5E3B2A2B891600E8454F /* Build configuration list for PBXProject "SaveWorkouts" */;
			compatibilityVersion = "Xcode 14.0";
			developmentRegion = en;
			hasScannedForEncodings = 0;
			knownRegions = (
				en,
				Base,
			);
			mainGroup = 819F5E372A2B891600E8454F;
			packageReferences = (
				81D7F9812A2FB89A00A7BD13 /* XCRemoteSwiftPackageReference "Blackbird" */,
			);
			productRefGroup = 819F5E412A2B891600E8454F /* Products */;
			projectDirPath = "";
			projectRoot = "";
			targets = (
				819F5E3F2A2B891600E8454F /* SaveWorkouts */,
			);
		};
/* End PBXProject section */

/* Begin PBXResourcesBuildPhase section */
		819F5E3E2A2B891600E8454F /* Resources */ = {
			isa = PBXResourcesBuildPhase;
			buildActionMask = 2147483647;
			files = (
				819F5E4B2A2B891800E8454F /* Preview Assets.xcassets in Resources */,
				81D7F9802A2FB52500A7BD13 /* db.sqlite in Resources */,
				819F5E482A2B891800E8454F /* Assets.xcassets in Resources */,
			);
			runOnlyForDeploymentPostprocessing = 0;
		};
/* End PBXResourcesBuildPhase section */

/* Begin PBXSourcesBuildPhase section */
		819F5E3C2A2B891600E8454F /* Sources */ = {
			isa = PBXSourcesBuildPhase;
			buildActionMask = 2147483647;
			files = (
				81D7F9862A2FB90800A7BD13 /* AppDatabase.swift in Sources */,
				810E47022A2E3708002BD38C /* WorkoutView.swift in Sources */,
				819F5E442A2B891600E8454F /* SaveWorkoutsApp.swift in Sources */,
				81D7F9882A2FB96900A7BD13 /* Workout.swift in Sources */,
			);
			runOnlyForDeploymentPostprocessing = 0;
		};
/* End PBXSourcesBuildPhase section */

/* Begin XCBuildConfiguration section */
		819F5E4C2A2B891800E8454F /* Debug */ = {
			isa = XCBuildConfiguration;
			buildSettings = {
				ALWAYS_SEARCH_USER_PATHS = NO;
				CLANG_ANALYZER_NONNULL = YES;
				CLANG_ANALYZER_NUMBER_OBJECT_CONVERSION = YES_AGGRESSIVE;
				CLANG_CXX_LANGUAGE_STANDARD = "gnu++20";
				CLANG_ENABLE_MODULES = YES;
				CLANG_ENABLE_OBJC_ARC = YES;
				CLANG_ENABLE_OBJC_WEAK = YES;
				CLANG_WARN_BLOCK_CAPTURE_AUTORELEASING = YES;
				CLANG_WARN_BOOL_CONVERSION = YES;
				CLANG_WARN_COMMA = YES;
				CLANG_WARN_CONSTANT_CONVERSION = YES;
				CLANG_WARN_DEPRECATED_OBJC_IMPLEMENTATIONS = YES;
				CLANG_WARN_DIRECT_OBJC_ISA_USAGE = YES_ERROR;
				CLANG_WARN_DOCUMENTATION_COMMENTS = YES;
				CLANG_WARN_EMPTY_BODY = YES;
				CLANG_WARN_ENUM_CONVERSION = YES;
				CLANG_WARN_INFINITE_RECURSION = YES;
				CLANG_WARN_INT_CONVERSION = YES;
				CLANG_WARN_NON_LITERAL_NULL_CONVERSION = YES;
				CLANG_WARN_OBJC_IMPLICIT_RETAIN_SELF = YES;
				CLANG_WARN_OBJC_LITERAL_CONVERSION = YES;
				CLANG_WARN_OBJC_ROOT_CLASS = YES_ERROR;
				CLANG_WARN_QUOTED_INCLUDE_IN_FRAMEWORK_HEADER = YES;
				CLANG_WARN_RANGE_LOOP_ANALYSIS = YES;
				CLANG_WARN_STRICT_PROTOTYPES = YES;
				CLANG_WARN_SUSPICIOUS_MOVE = YES;
				CLANG_WARN_UNGUARDED_AVAILABILITY = YES_AGGRESSIVE;
				CLANG_WARN_UNREACHABLE_CODE = YES;
				CLANG_WARN__DUPLICATE_METHOD_MATCH = YES;
				COPY_PHASE_STRIP = NO;
				DEBUG_INFORMATION_FORMAT = dwarf;
				ENABLE_STRICT_OBJC_MSGSEND = YES;
				ENABLE_TESTABILITY = YES;
				GCC_C_LANGUAGE_STANDARD = gnu11;
				GCC_DYNAMIC_NO_PIC = NO;
				GCC_NO_COMMON_BLOCKS = YES;
				GCC_OPTIMIZATION_LEVEL = 0;
				GCC_PREPROCESSOR_DEFINITIONS = (
					"DEBUG=1",
					"$(inherited)",
				);
				GCC_WARN_64_TO_32_BIT_CONVERSION = YES;
				GCC_WARN_ABOUT_RETURN_TYPE = YES_ERROR;
				GCC_WARN_UNDECLARED_SELECTOR = YES;
				GCC_WARN_UNINITIALIZED_AUTOS = YES_AGGRESSIVE;
				GCC_WARN_UNUSED_FUNCTION = YES;
				GCC_WARN_UNUSED_VARIABLE = YES;
				IPHONEOS_DEPLOYMENT_TARGET = 16.2;
				MTL_ENABLE_DEBUG_INFO = INCLUDE_SOURCE;
				MTL_FAST_MATH = YES;
				ONLY_ACTIVE_ARCH = YES;
				SDKROOT = iphoneos;
				SWIFT_ACTIVE_COMPILATION_CONDITIONS = DEBUG;
				SWIFT_OPTIMIZATION_LEVEL = "-Onone";
			};
			name = Debug;
		};
		819F5E4D2A2B891800E8454F /* Release */ = {
			isa = XCBuildConfiguration;
			buildSettings = {
				ALWAYS_SEARCH_USER_PATHS = NO;
				CLANG_ANALYZER_NONNULL = YES;
				CLANG_ANALYZER_NUMBER_OBJECT_CONVERSION = YES_AGGRESSIVE;
				CLANG_CXX_LANGUAGE_STANDARD = "gnu++20";
				CLANG_ENABLE_MODULES = YES;
				CLANG_ENABLE_OBJC_ARC = YES;
				CLANG_ENABLE_OBJC_WEAK = YES;
				CLANG_WARN_BLOCK_CAPTURE_AUTORELEASING = YES;
				CLANG_WARN_BOOL_CONVERSION = YES;
				CLANG_WARN_COMMA = YES;
				CLANG_WARN_CONSTANT_CONVERSION = YES;
				CLANG_WARN_DEPRECATED_OBJC_IMPLEMENTATIONS = YES;
				CLANG_WARN_DIRECT_OBJC_ISA_USAGE = YES_ERROR;
				CLANG_WARN_DOCUMENTATION_COMMENTS = YES;
				CLANG_WARN_EMPTY_BODY = YES;
				CLANG_WARN_ENUM_CONVERSION = YES;
				CLANG_WARN_INFINITE_RECURSION = YES;
				CLANG_WARN_INT_CONVERSION = YES;
				CLANG_WARN_NON_LITERAL_NULL_CONVERSION = YES;
				CLANG_WARN_OBJC_IMPLICIT_RETAIN_SELF = YES;
				CLANG_WARN_OBJC_LITERAL_CONVERSION = YES;
				CLANG_WARN_OBJC_ROOT_CLASS = YES_ERROR;
				CLANG_WARN_QUOTED_INCLUDE_IN_FRAMEWORK_HEADER = YES;
				CLANG_WARN_RANGE_LOOP_ANALYSIS = YES;
				CLANG_WARN_STRICT_PROTOTYPES = YES;
				CLANG_WARN_SUSPICIOUS_MOVE = YES;
				CLANG_WARN_UNGUARDED_AVAILABILITY = YES_AGGRESSIVE;
				CLANG_WARN_UNREACHABLE_CODE = YES;
				CLANG_WARN__DUPLICATE_METHOD_MATCH = YES;
				COPY_PHASE_STRIP = NO;
				DEBUG_INFORMATION_FORMAT = "dwarf-with-dsym";
				ENABLE_NS_ASSERTIONS = NO;
				ENABLE_STRICT_OBJC_MSGSEND = YES;
				GCC_C_LANGUAGE_STANDARD = gnu11;
				GCC_NO_COMMON_BLOCKS = YES;
				GCC_WARN_64_TO_32_BIT_CONVERSION = YES;
				GCC_WARN_ABOUT_RETURN_TYPE = YES_ERROR;
				GCC_WARN_UNDECLARED_SELECTOR = YES;
				GCC_WARN_UNINITIALIZED_AUTOS = YES_AGGRESSIVE;
				GCC_WARN_UNUSED_FUNCTION = YES;
				GCC_WARN_UNUSED_VARIABLE = YES;
				IPHONEOS_DEPLOYMENT_TARGET = 16.2;
				MTL_ENABLE_DEBUG_INFO = NO;
				MTL_FAST_MATH = YES;
				SDKROOT = iphoneos;
				SWIFT_COMPILATION_MODE = wholemodule;
				SWIFT_OPTIMIZATION_LEVEL = "-O";
				VALIDATE_PRODUCT = YES;
			};
			name = Release;
		};
		819F5E4F2A2B891800E8454F /* Debug */ = {
			isa = XCBuildConfiguration;
			buildSettings = {
				ASSETCATALOG_COMPILER_APPICON_NAME = AppIcon;
				ASSETCATALOG_COMPILER_GLOBAL_ACCENT_COLOR_NAME = AccentColor;
				CODE_SIGN_STYLE = Automatic;
				CURRENT_PROJECT_VERSION = 1;
				DEVELOPMENT_ASSET_PATHS = "\"SaveWorkouts/Preview Content\"";
				ENABLE_PREVIEWS = YES;
				GENERATE_INFOPLIST_FILE = YES;
				INFOPLIST_KEY_UIApplicationSceneManifest_Generation = YES;
				INFOPLIST_KEY_UIApplicationSupportsIndirectInputEvents = YES;
				INFOPLIST_KEY_UILaunchScreen_Generation = YES;
				INFOPLIST_KEY_UISupportedInterfaceOrientations_iPad = "UIInterfaceOrientationPortrait UIInterfaceOrientationPortraitUpsideDown UIInterfaceOrientationLandscapeLeft UIInterfaceOrientationLandscapeRight";
				INFOPLIST_KEY_UISupportedInterfaceOrientations_iPhone = "UIInterfaceOrientationPortrait UIInterfaceOrientationLandscapeLeft UIInterfaceOrientationLandscapeRight";
				LD_RUNPATH_SEARCH_PATHS = (
					"$(inherited)",
					"@executable_path/Frameworks",
				);
				MARKETING_VERSION = 1.0;
				PRODUCT_BUNDLE_IDENTIFIER = ca.oliverfinlayson.SaveWorkouts;
				PRODUCT_NAME = "$(TARGET_NAME)";
				SWIFT_EMIT_LOC_STRINGS = YES;
				SWIFT_VERSION = 5.0;
				TARGETED_DEVICE_FAMILY = "1,2";
			};
			name = Debug;
		};
		819F5E502A2B891800E8454F /* Release */ = {
			isa = XCBuildConfiguration;
			buildSettings = {
				ASSETCATALOG_COMPILER_APPICON_NAME = AppIcon;
				ASSETCATALOG_COMPILER_GLOBAL_ACCENT_COLOR_NAME = AccentColor;
				CODE_SIGN_STYLE = Automatic;
				CURRENT_PROJECT_VERSION = 1;
				DEVELOPMENT_ASSET_PATHS = "\"SaveWorkouts/Preview Content\"";
				ENABLE_PREVIEWS = YES;
				GENERATE_INFOPLIST_FILE = YES;
				INFOPLIST_KEY_UIApplicationSceneManifest_Generation = YES;
				INFOPLIST_KEY_UIApplicationSupportsIndirectInputEvents = YES;
				INFOPLIST_KEY_UILaunchScreen_Generation = YES;
				INFOPLIST_KEY_UISupportedInterfaceOrientations_iPad = "UIInterfaceOrientationPortrait UIInterfaceOrientationPortraitUpsideDown UIInterfaceOrientationLandscapeLeft UIInterfaceOrientationLandscapeRight";
				INFOPLIST_KEY_UISupportedInterfaceOrientations_iPhone = "UIInterfaceOrientationPortrait UIInterfaceOrientationLandscapeLeft UIInterfaceOrientationLandscapeRight";
				LD_RUNPATH_SEARCH_PATHS = (
					"$(inherited)",
					"@executable_path/Frameworks",
				);
				MARKETING_VERSION = 1.0;
				PRODUCT_BUNDLE_IDENTIFIER = ca.oliverfinlayson.SaveWorkouts;
				PRODUCT_NAME = "$(TARGET_NAME)";
				SWIFT_EMIT_LOC_STRINGS = YES;
				SWIFT_VERSION = 5.0;
				TARGETED_DEVICE_FAMILY = "1,2";
			};
			name = Release;
		};
/* End XCBuildConfiguration section */

/* Begin XCConfigurationList section */
		819F5E3B2A2B891600E8454F /* Build configuration list for PBXProject "SaveWorkouts" */ = {
			isa = XCConfigurationList;
			buildConfigurations = (
				819F5E4C2A2B891800E8454F /* Debug */,
				819F5E4D2A2B891800E8454F /* Release */,
			);
			defaultConfigurationIsVisible = 0;
			defaultConfigurationName = Release;
		};
		819F5E4E2A2B891800E8454F /* Build configuration list for PBXNativeTarget "SaveWorkouts" */ = {
			isa = XCConfigurationList;
			buildConfigurations = (
				819F5E4F2A2B891800E8454F /* Debug */,
				819F5E502A2B891800E8454F /* Release */,
			);
			defaultConfigurationIsVisible = 0;
			defaultConfigurationName = Release;
		};
/* End XCConfigurationList section */

/* Begin XCRemoteSwiftPackageReference section */
		81D7F9812A2FB89A00A7BD13 /* XCRemoteSwiftPackageReference "Blackbird" */ = {
			isa = XCRemoteSwiftPackageReference;
			repositoryURL = "https://github.com/marcoarment/Blackbird";
			requirement = {
				branch = main;
				kind = branch;
			};
		};
/* End XCRemoteSwiftPackageReference section */

/* Begin XCSwiftPackageProductDependency section */
		81D7F9822A2FB89A00A7BD13 /* Blackbird */ = {
			isa = XCSwiftPackageProductDependency;
			package = 81D7F9812A2FB89A00A7BD13 /* XCRemoteSwiftPackageReference "Blackbird" */;
			productName = Blackbird;
		};
/* End XCSwiftPackageProductDependency section */
	};
	rootObject = 819F5E382A2B891600E8454F /* Project object */;
}
